<?xml version="1.0" encoding="utf-8"?>
<Project ToolsVersion="4.0" xmlns="http://schemas.microsoft.com/developer/msbuild/2003">
  <ItemGroup>
    <Filter Include="源文件">
      <UniqueIdentifier>{4FC737F1-C7A5-4376-A066-2A32D752A2FF}</UniqueIdentifier>
      <Extensions>cpp;c;cc;cxx;def;odl;idl;hpj;bat;asm;asmx</Extensions>
    </Filter>
    <Filter Include="头文件">
      <UniqueIdentifier>{93995380-89BD-4b04-88EB-625FBE52EBFB}</UniqueIdentifier>
      <Extensions>h;hh;hpp;hxx;hm;inl;inc;xsd</Extensions>
    </Filter>
    <Filter Include="资源文件">
      <UniqueIdentifier>{67DA6AB6-F800-4c08-8B7A-83BB121AAD01}</UniqueIdentifier>
      <Extensions>rc;ico;cur;bmp;dlg;rc2;rct;bin;rgs;gif;jpg;jpeg;jpe;resx;tiff;tif;png;wav;mfcribbon-ms</Extensions>
    </Filter>
    <Filter Include="ITKRegistrationHelper">
      <UniqueIdentifier>{ef7d9472-7d46-4821-b82d-f76cad0e80f9}</UniqueIdentifier>
    </Filter>
  </ItemGroup>
  <ItemGroup>
    <Text Include="ReadMe.txt" />
  </ItemGroup>
  <ItemGroup>
    <ClInclude Include="stdafx.h">
      <Filter>头文件</Filter>
    </ClInclude>
    <ClInclude Include="targetver.h">
      <Filter>头文件</Filter>
    </ClInclude>
    <ClInclude Include="ITKRegistrationHelper\itkAffineImageToImageRegistrationMethod.h">
      <Filter>ITKRegistrationHelper</Filter>
    </ClInclude>
    <ClInclude Include="ITKRegistrationHelper\itkAnisotropicSimilarity3DTransform.h">
      <Filter>ITKRegistrationHelper</Filter>
    </ClInclude>
    <ClInclude Include="ITKRegistrationHelper\itkAnisotropicSimilarityLandmarkBasedTransformInitializer.h">
      <Filter>ITKRegistrationHelper</Filter>
    </ClInclude>
    <ClInclude Include="ITKRegistrationHelper\itkBSplineImageToImageRegistrationMethod.h">
      <Filter>ITKRegistrationHelper</Filter>
    </ClInclude>
    <ClInclude Include="ITKRegistrationHelper\itkImageRegionMomentsCalculator.h">
      <Filter>ITKRegistrationHelper</Filter>
    </ClInclude>
    <ClInclude Include="ITKRegistrationHelper\itkImageToImageRegistrationHelper.h">
      <Filter>ITKRegistrationHelper</Filter>
    </ClInclude>
    <ClInclude Include="ITKRegistrationHelper\itkImageToImageRegistrationMethod.h">
      <Filter>ITKRegistrationHelper</Filter>
    </ClInclude>
    <ClInclude Include="ITKRegistrationHelper\itkInitialImageToImageRegistrationMethod.h">
      <Filter>ITKRegistrationHelper</Filter>
    </ClInclude>
    <ClInclude Include="ITKRegistrationHelper\itkOptimizedImageToImageRegistrationMethod.h">
      <Filter>ITKRegistrationHelper</Filter>
    </ClInclude>
    <ClInclude Include="ITKRegistrationHelper\itkRigidImageToImageRegistrationMethod.h">
      <Filter>ITKRegistrationHelper</Filter>
    </ClInclude>
  </ItemGroup>
  <ItemGroup>
    <ClCompile Include="stdafx.cpp">
      <Filter>源文件</Filter>
    </ClCompile>
    <ClCompile Include="WandMedRegistration.cpp">
      <Filter>源文件</Filter>
    </ClCompile>
  </ItemGroup>
  <ItemGroup>
    <None Include="ITKRegistrationHelper\itkAffineImageToImageRegistrationMethod.txx">
      <Filter>ITKRegistrationHelper</Filter>
    </None>
    <None Include="ITKRegistrationHelper\itkAnisotropicSimilarity3DTransform.txx">
      <Filter>ITKRegistrationHelper</Filter>
    </None>
    <None Include="ITKRegistrationHelper\itkAnisotropicSimilarityLandmarkBasedTransformInitializer.txx">
      <Filter>ITKRegistrationHelper</Filter>
    </None>
    <None Include="ITKRegistrationHelper\itkBSplineImageToImageRegistrationMethod.txx">
      <Filter>ITKRegistrationHelper</Filter>
    </None>
    <None Include="ITKRegistrationHelper\itkImageRegionMomentsCalculator.txx">
      <Filter>ITKRegistrationHelper</Filter>
    </None>
    <None Include="ITKRegistrationHelper\itkImageToImageRegistrationHelper.txx">
      <Filter>ITKRegistrationHelper</Filter>
    </None>
    <None Include="ITKRegistrationHelper\itkImageToImageRegistrationMethod.txx">
      <Filter>ITKRegistrationHelper</Filter>
    </None>
    <None Include="ITKRegistrationHelper\itkInitialImageToImageRegistrationMethod.txx">
      <Filter>ITKRegistrationHelper</Filter>
    </None>
    <None Include="ITKRegistrationHelper\itkOptimizedImageToImageRegistrationMethod.txx">
      <Filter>ITKRegistrationHelper</Filter>
    </None>
    <None Include="ITKRegistrationHelper\itkRigidImageToImageRegistrationMethod.txx">
      <Filter>ITKRegistrationHelper</Filter>
    </None>
  </ItemGroup>
</Project>